
Microsoft Visual Studio Solution File, Format Version 12.00
# Visual Studio 14
VisualStudioVersion = 14.0.25123.0
MinimumVisualStudioVersion = 10.0.40219.1
Project("{FAE04EC0-301F-11D3-BF4B-00C04F79EFBC}") = "VideoRentalSystem", "VideoRentalSystem\VideoRentalSystem.csproj", "{87209AF5-22C7-4FEF-82A1-0C8CADC1FBBC}"
EndProject
Project("{FAE04EC0-301F-11D3-BF4B-00C04F79EFBC}") = "TestVideoRental", "TestVideoRental\TestVideoRental.csproj", "{D21D28BD-7483-49F4-925B-0080EC37ABDC}"
EndProject
Global
	GlobalSection(SolutionConfigurationPlatforms) = preSolution
		Debug|Any CPU = Debug|Any CPU
		Release|Any CPU = Release|Any CPU
	EndGlobalSection
	GlobalSection(ProjectConfigurationPlatforms) = postSolution
		{87209AF5-22C7-4FEF-82A1-0C8CADC1FBBC}.Debug|Any CPU.ActiveCfg = Debug|Any CPU
		{87209AF5-22C7-4FEF-82A1-0C8CADC1FBBC}.Debug|Any CPU.Build.0 = Debug|Any CPU
		{87209AF5-22C7-4FEF-82A1-0C8CADC1FBBC}.Release|Any CPU.ActiveCfg = Release|Any CPU
		{87209AF5-22C7-4FEF-82A1-0C8CADC1FBBC}.Release|Any CPU.Build.0 = Release|Any CPU
		{D21D28BD-7483-49F4-925B-0080EC37ABDC}.Debug|Any CPU.ActiveCfg = Debug|Any CPU
		{D21D28BD-7483-49F4-925B-0080EC37ABDC}.Debug|Any CPU.Build.0 = Debug|Any CPU
		{D21D28BD-7483-49F4-925B-0080EC37ABDC}.Release|Any CPU.ActiveCfg = Release|Any CPU
		{D21D28BD-7483-49F4-925B-0080EC37ABDC}.Release|Any CPU.Build.0 = Release|Any CPU
	EndGlobalSection
	GlobalSection(SolutionProperties) = preSolution
		HideSolutionNode = FALSE
	EndGlobalSection
EndGlobal
